// !$*UTF8*$!
{
	archiveVersion = 1;
	classes = {
	};
	objectVersion = 50;
	objects = {

/* Begin PBXBuildFile section */
		DE0284872233109900C163F6 /* Set.swift in Sources */ = {isa = PBXBuildFile; fileRef = DE0284862233109900C163F6 /* Set.swift */; };
		DE02848922331F4C00C163F6 /* ExportFile.swift in Sources */ = {isa = PBXBuildFile; fileRef = DE02848822331F4C00C163F6 /* ExportFile.swift */; };
		DE052615226E06BC004DC8B4 /* CLI.swift in Sources */ = {isa = PBXBuildFile; fileRef = DE052614226E06BC004DC8B4 /* CLI.swift */; };
		DE0D959C223D0FFD0089C72B /* .gitignore in Resources */ = {isa = PBXBuildFile; fileRef = DE0D9599223D0FFC0089C72B /* .gitignore */; };
		DE0D959D223D0FFD0089C72B /* LICENSE in Resources */ = {isa = PBXBuildFile; fileRef = DE0D959A223D0FFC0089C72B /* LICENSE */; };
		DE0D959E223D0FFD0089C72B /* README.md in Resources */ = {isa = PBXBuildFile; fileRef = DE0D959B223D0FFC0089C72B /* README.md */; };
		DE207F922233FCA30065E7D9 /* JSONRepresentable.swift in Sources */ = {isa = PBXBuildFile; fileRef = DE207F912233FCA30065E7D9 /* JSONRepresentable.swift */; };
		DE3CB5722254077C006AFB4A /* ExportCommands.swift in Sources */ = {isa = PBXBuildFile; fileRef = DE3CB5712254077C006AFB4A /* ExportCommands.swift */; };
		DE3CB5752254E459006AFB4A /* ProcessCommand.swift in Sources */ = {isa = PBXBuildFile; fileRef = DE3CB5742254E459006AFB4A /* ProcessCommand.swift */; };
		DE4A78682268938F00FB876C /* SvgParser.swift in Sources */ = {isa = PBXBuildFile; fileRef = DE4A78672268938F00FB876C /* SvgParser.swift */; };
		DE4DE13B226F589E00949E44 /* AppSuite.swift in Sources */ = {isa = PBXBuildFile; fileRef = DE4DE13A226F589E00949E44 /* AppSuite.swift */; };
		DE4DE13C226F5C6000949E44 /* AppSuite.swift in Sources */ = {isa = PBXBuildFile; fileRef = DE4DE13A226F589E00949E44 /* AppSuite.swift */; };
		DE5B648F223FDEE0003AFF06 /* PreferencesController.swift in Sources */ = {isa = PBXBuildFile; fileRef = DE5B648D223FDEE0003AFF06 /* PreferencesController.swift */; };
		DE5B6490223FDEE0003AFF06 /* PreferencesController.xib in Resources */ = {isa = PBXBuildFile; fileRef = DE5B648E223FDEE0003AFF06 /* PreferencesController.xib */; };
		DE6F8CE82273386F00A9F05B /* svgtopng in CopyFiles */ = {isa = PBXBuildFile; fileRef = DEA457D2226D12FD00937067 /* svgtopng */; settings = {ATTRIBUTES = (CodeSignOnCopy, ); }; };
		DE70144922577D0900C727A5 /* ExportCommandManager.swift in Sources */ = {isa = PBXBuildFile; fileRef = DE70144822577D0900C727A5 /* ExportCommandManager.swift */; };
		DE7293272240259D006E1A4C /* SuppressionKey.swift in Sources */ = {isa = PBXBuildFile; fileRef = DE7293262240259D006E1A4C /* SuppressionKey.swift */; };
		DE735BFD224514A2008B4059 /* DebugLog.swift in Sources */ = {isa = PBXBuildFile; fileRef = DE735BFC224514A2008B4059 /* DebugLog.swift */; };
		DE735C1222452135008B4059 /* AtlasArray.swift in Sources */ = {isa = PBXBuildFile; fileRef = DE735C1122452135008B4059 /* AtlasArray.swift */; };
		DE7398532235C4FF00D87AC3 /* String.swift in Sources */ = {isa = PBXBuildFile; fileRef = DE7398522235C4FF00D87AC3 /* String.swift */; };
		DE7DE990222BE2AB009A2345 /* NSOutlineView.swift in Sources */ = {isa = PBXBuildFile; fileRef = DE7DE98F222BE2AB009A2345 /* NSOutlineView.swift */; };
		DE7DE992222BE3B8009A2345 /* NSTextView.swift in Sources */ = {isa = PBXBuildFile; fileRef = DE7DE991222BE3B8009A2345 /* NSTextView.swift */; };
		DE903FD72270730100343112 /* OptionType.swift in Sources */ = {isa = PBXBuildFile; fileRef = DE903FD62270730100343112 /* OptionType.swift */; };
		DE993442222C5F0E006A9A0A /* ExportManager.swift in Sources */ = {isa = PBXBuildFile; fileRef = DE993441222C5F0E006A9A0A /* ExportManager.swift */; };
		DE9B31122231EEE900CEECBB /* PathControl.swift in Sources */ = {isa = PBXBuildFile; fileRef = DE9B31112231EEE900CEECBB /* PathControl.swift */; };
		DEA457D5226D12FE00937067 /* main.swift in Sources */ = {isa = PBXBuildFile; fileRef = DEA457D4226D12FE00937067 /* main.swift */; };
		DEA457DA226D13C200937067 /* Console.swift in Sources */ = {isa = PBXBuildFile; fileRef = DEA457D9226D13C200937067 /* Console.swift */; };
		DEA457DB226D16A500937067 /* AtlasArray.swift in Sources */ = {isa = PBXBuildFile; fileRef = DE735C1122452135008B4059 /* AtlasArray.swift */; };
		DEA457DC226D16A500937067 /* Project.swift in Sources */ = {isa = PBXBuildFile; fileRef = DEC03BBB221F25CF00C00B00 /* Project.swift */; };
		DEA457DD226D16A500937067 /* Resolutions.swift in Sources */ = {isa = PBXBuildFile; fileRef = DEC03BBC221F25CF00C00B00 /* Resolutions.swift */; };
		DEA457DE226D16A500937067 /* SuppressionKey.swift in Sources */ = {isa = PBXBuildFile; fileRef = DE7293262240259D006E1A4C /* SuppressionKey.swift */; };
		DEA457E0226D16AD00937067 /* ExportCommandMacro.swift in Sources */ = {isa = PBXBuildFile; fileRef = DEC8C6A422539948003C3DCC /* ExportCommandMacro.swift */; };
		DEA457E1226D16AD00937067 /* ExportCommandManager.swift in Sources */ = {isa = PBXBuildFile; fileRef = DE70144822577D0900C727A5 /* ExportCommandManager.swift */; };
		DEA457E2226D16AD00937067 /* ExportCommands.swift in Sources */ = {isa = PBXBuildFile; fileRef = DE3CB5712254077C006AFB4A /* ExportCommands.swift */; };
		DEA457E3226D16AD00937067 /* ExportFile.swift in Sources */ = {isa = PBXBuildFile; fileRef = DE02848822331F4C00C163F6 /* ExportFile.swift */; };
		DEA457E4226D16AD00937067 /* ExportManager.swift in Sources */ = {isa = PBXBuildFile; fileRef = DE993441222C5F0E006A9A0A /* ExportManager.swift */; };
		DEA457E5226D16AD00937067 /* ProcessCommand.swift in Sources */ = {isa = PBXBuildFile; fileRef = DE3CB5742254E459006AFB4A /* ProcessCommand.swift */; };
		DEA457E6226D16B500937067 /* SwiftTryCatch.m in Sources */ = {isa = PBXBuildFile; fileRef = DECE6BEA2236D44E009590EF /* SwiftTryCatch.m */; };
		DEA457E7226D16B500937067 /* Bash.swift in Sources */ = {isa = PBXBuildFile; fileRef = DEB44DF3222AF2F600C3BD38 /* Bash.swift */; };
		DEA457E8226D16B500937067 /* DebugLog.swift in Sources */ = {isa = PBXBuildFile; fileRef = DE735BFC224514A2008B4059 /* DebugLog.swift */; };
		DEA457E9226D16B500937067 /* JSONRepresentable.swift in Sources */ = {isa = PBXBuildFile; fileRef = DE207F912233FCA30065E7D9 /* JSONRepresentable.swift */; };
		DEA457EA226D16C000937067 /* SvgParser.swift in Sources */ = {isa = PBXBuildFile; fileRef = DE4A78672268938F00FB876C /* SvgParser.swift */; };
		DEA457EB226D16C000937067 /* DoubleToken.swift in Sources */ = {isa = PBXBuildFile; fileRef = DECCCC83226A178800B1393D /* DoubleToken.swift */; };
		DEA457EC226D16E600937067 /* NSAlert.swift in Sources */ = {isa = PBXBuildFile; fileRef = DEECEFEA2220171100A9026F /* NSAlert.swift */; };
		DEA457ED226D16E600937067 /* NSOutlineView.swift in Sources */ = {isa = PBXBuildFile; fileRef = DE7DE98F222BE2AB009A2345 /* NSOutlineView.swift */; };
		DEA457EE226D16E600937067 /* NSTextView.swift in Sources */ = {isa = PBXBuildFile; fileRef = DE7DE991222BE3B8009A2345 /* NSTextView.swift */; };
		DEA457EF226D16E600937067 /* Set.swift in Sources */ = {isa = PBXBuildFile; fileRef = DE0284862233109900C163F6 /* Set.swift */; };
		DEA457F0226D16E600937067 /* String.swift in Sources */ = {isa = PBXBuildFile; fileRef = DE7398522235C4FF00D87AC3 /* String.swift */; };
		DEA457F1226D16E600937067 /* URL.swift in Sources */ = {isa = PBXBuildFile; fileRef = DECE6BE32236A089009590EF /* URL.swift */; };
		DEB44DF4222AF2F600C3BD38 /* Bash.swift in Sources */ = {isa = PBXBuildFile; fileRef = DEB44DF3222AF2F600C3BD38 /* Bash.swift */; };
		DEC03BAA221F242000C00B00 /* AppDelegate.swift in Sources */ = {isa = PBXBuildFile; fileRef = DEC03BA9221F242000C00B00 /* AppDelegate.swift */; };
		DEC03BAC221F242000C00B00 /* ViewController.swift in Sources */ = {isa = PBXBuildFile; fileRef = DEC03BAB221F242000C00B00 /* ViewController.swift */; };
		DEC03BAE221F242000C00B00 /* SvgProject.swift in Sources */ = {isa = PBXBuildFile; fileRef = DEC03BAD221F242000C00B00 /* SvgProject.swift */; };
		DEC03BB0221F242100C00B00 /* Assets.xcassets in Resources */ = {isa = PBXBuildFile; fileRef = DEC03BAF221F242100C00B00 /* Assets.xcassets */; };
		DEC03BB3221F242100C00B00 /* Main.storyboard in Resources */ = {isa = PBXBuildFile; fileRef = DEC03BB1221F242100C00B00 /* Main.storyboard */; };
		DEC03BBD221F25CF00C00B00 /* Project.swift in Sources */ = {isa = PBXBuildFile; fileRef = DEC03BBB221F25CF00C00B00 /* Project.swift */; };
		DEC03BBE221F25CF00C00B00 /* Resolutions.swift in Sources */ = {isa = PBXBuildFile; fileRef = DEC03BBC221F25CF00C00B00 /* Resolutions.swift */; };
		DEC7513022522CF30003F116 /* CommandController.swift in Sources */ = {isa = PBXBuildFile; fileRef = DEC7512E22522CF30003F116 /* CommandController.swift */; };
		DEC7513122522CF30003F116 /* CommandController.xib in Resources */ = {isa = PBXBuildFile; fileRef = DEC7512F22522CF30003F116 /* CommandController.xib */; };
		DEC8C6A522539948003C3DCC /* ExportCommandMacro.swift in Sources */ = {isa = PBXBuildFile; fileRef = DEC8C6A422539948003C3DCC /* ExportCommandMacro.swift */; };
		DECCCC84226A178800B1393D /* DoubleToken.swift in Sources */ = {isa = PBXBuildFile; fileRef = DECCCC83226A178800B1393D /* DoubleToken.swift */; };
		DECE6BE42236A089009590EF /* URL.swift in Sources */ = {isa = PBXBuildFile; fileRef = DECE6BE32236A089009590EF /* URL.swift */; };
		DECE6BEB2236D44E009590EF /* SwiftTryCatch.m in Sources */ = {isa = PBXBuildFile; fileRef = DECE6BEA2236D44E009590EF /* SwiftTryCatch.m */; };
		DEECEFEB2220171100A9026F /* NSAlert.swift in Sources */ = {isa = PBXBuildFile; fileRef = DEECEFEA2220171100A9026F /* NSAlert.swift */; };
		DEF6739A22295E8A002C47AA /* WindowController.swift in Sources */ = {isa = PBXBuildFile; fileRef = DEF6739922295E8A002C47AA /* WindowController.swift */; };
/* End PBXBuildFile section */

/* Begin PBXCopyFilesBuildPhase section */
		DEA457D0226D12FD00937067 /* CopyFiles */ = {
			isa = PBXCopyFilesBuildPhase;
			buildActionMask = 12;
			dstPath = /Applications;
			dstSubfolderSpec = 0;
			files = (
				DE6F8CE82273386F00A9F05B /* svgtopng in CopyFiles */,
			);
			runOnlyForDeploymentPostprocessing = 0;
		};
/* End PBXCopyFilesBuildPhase section */

/* Begin PBXFileReference section */
		DE0284862233109900C163F6 /* Set.swift */ = {isa = PBXFileReference; lastKnownFileType = sourcecode.swift; path = Set.swift; sourceTree = "<group>"; };
		DE02848822331F4C00C163F6 /* ExportFile.swift */ = {isa = PBXFileReference; lastKnownFileType = sourcecode.swift; path = ExportFile.swift; sourceTree = "<group>"; };
		DE052614226E06BC004DC8B4 /* CLI.swift */ = {isa = PBXFileReference; lastKnownFileType = sourcecode.swift; path = CLI.swift; sourceTree = "<group>"; };
		DE0D9599223D0FFC0089C72B /* .gitignore */ = {isa = PBXFileReference; fileEncoding = 4; lastKnownFileType = text; path = .gitignore; sourceTree = "<group>"; };
		DE0D959A223D0FFC0089C72B /* LICENSE */ = {isa = PBXFileReference; fileEncoding = 4; lastKnownFileType = text; path = LICENSE; sourceTree = "<group>"; };
		DE0D959B223D0FFC0089C72B /* README.md */ = {isa = PBXFileReference; fileEncoding = 4; lastKnownFileType = net.daringfireball.markdown; path = README.md; sourceTree = "<group>"; };
		DE207F912233FCA30065E7D9 /* JSONRepresentable.swift */ = {isa = PBXFileReference; lastKnownFileType = sourcecode.swift; path = JSONRepresentable.swift; sourceTree = "<group>"; };
		DE3CB5712254077C006AFB4A /* ExportCommands.swift */ = {isa = PBXFileReference; lastKnownFileType = sourcecode.swift; path = ExportCommands.swift; sourceTree = "<group>"; };
		DE3CB5742254E459006AFB4A /* ProcessCommand.swift */ = {isa = PBXFileReference; lastKnownFileType = sourcecode.swift; path = ProcessCommand.swift; sourceTree = "<group>"; };
		DE4A78672268938F00FB876C /* SvgParser.swift */ = {isa = PBXFileReference; lastKnownFileType = sourcecode.swift; path = SvgParser.swift; sourceTree = "<group>"; };
		DE4DE13A226F589E00949E44 /* AppSuite.swift */ = {isa = PBXFileReference; lastKnownFileType = sourcecode.swift; path = AppSuite.swift; sourceTree = "<group>"; };
		DE5B648D223FDEE0003AFF06 /* PreferencesController.swift */ = {isa = PBXFileReference; lastKnownFileType = sourcecode.swift; path = PreferencesController.swift; sourceTree = "<group>"; };
		DE5B648E223FDEE0003AFF06 /* PreferencesController.xib */ = {isa = PBXFileReference; lastKnownFileType = file.xib; path = PreferencesController.xib; sourceTree = "<group>"; };
		DE70144822577D0900C727A5 /* ExportCommandManager.swift */ = {isa = PBXFileReference; lastKnownFileType = sourcecode.swift; path = ExportCommandManager.swift; sourceTree = "<group>"; };
		DE7293262240259D006E1A4C /* SuppressionKey.swift */ = {isa = PBXFileReference; lastKnownFileType = sourcecode.swift; path = SuppressionKey.swift; sourceTree = "<group>"; };
		DE735BFC224514A2008B4059 /* DebugLog.swift */ = {isa = PBXFileReference; lastKnownFileType = sourcecode.swift; path = DebugLog.swift; sourceTree = "<group>"; };
		DE735C1122452135008B4059 /* AtlasArray.swift */ = {isa = PBXFileReference; lastKnownFileType = sourcecode.swift; path = AtlasArray.swift; sourceTree = "<group>"; };
		DE7398522235C4FF00D87AC3 /* String.swift */ = {isa = PBXFileReference; lastKnownFileType = sourcecode.swift; path = String.swift; sourceTree = "<group>"; };
		DE7DE98F222BE2AB009A2345 /* NSOutlineView.swift */ = {isa = PBXFileReference; lastKnownFileType = sourcecode.swift; path = NSOutlineView.swift; sourceTree = "<group>"; };
		DE7DE991222BE3B8009A2345 /* NSTextView.swift */ = {isa = PBXFileReference; lastKnownFileType = sourcecode.swift; path = NSTextView.swift; sourceTree = "<group>"; };
		DE903FD62270730100343112 /* OptionType.swift */ = {isa = PBXFileReference; lastKnownFileType = sourcecode.swift; path = OptionType.swift; sourceTree = "<group>"; };
		DE993441222C5F0E006A9A0A /* ExportManager.swift */ = {isa = PBXFileReference; lastKnownFileType = sourcecode.swift; path = ExportManager.swift; sourceTree = "<group>"; };
		DE9B31112231EEE900CEECBB /* PathControl.swift */ = {isa = PBXFileReference; lastKnownFileType = sourcecode.swift; path = PathControl.swift; sourceTree = "<group>"; };
		DEA457D2226D12FD00937067 /* svgtopng */ = {isa = PBXFileReference; explicitFileType = "compiled.mach-o.executable"; includeInIndex = 0; path = svgtopng; sourceTree = BUILT_PRODUCTS_DIR; };
		DEA457D4226D12FE00937067 /* main.swift */ = {isa = PBXFileReference; lastKnownFileType = sourcecode.swift; path = main.swift; sourceTree = "<group>"; };
		DEA457D9226D13C200937067 /* Console.swift */ = {isa = PBXFileReference; lastKnownFileType = sourcecode.swift; path = Console.swift; sourceTree = "<group>"; };
		DEB44DF3222AF2F600C3BD38 /* Bash.swift */ = {isa = PBXFileReference; lastKnownFileType = sourcecode.swift; path = Bash.swift; sourceTree = "<group>"; };
		DEC03BA6221F242000C00B00 /* Svg to Png.app */ = {isa = PBXFileReference; explicitFileType = wrapper.application; includeInIndex = 0; path = "Svg to Png.app"; sourceTree = BUILT_PRODUCTS_DIR; };
		DEC03BA9221F242000C00B00 /* AppDelegate.swift */ = {isa = PBXFileReference; lastKnownFileType = sourcecode.swift; path = AppDelegate.swift; sourceTree = "<group>"; };
		DEC03BAB221F242000C00B00 /* ViewController.swift */ = {isa = PBXFileReference; lastKnownFileType = sourcecode.swift; path = ViewController.swift; sourceTree = "<group>"; };
		DEC03BAD221F242000C00B00 /* SvgProject.swift */ = {isa = PBXFileReference; lastKnownFileType = sourcecode.swift; path = SvgProject.swift; sourceTree = "<group>"; };
		DEC03BAF221F242100C00B00 /* Assets.xcassets */ = {isa = PBXFileReference; lastKnownFileType = folder.assetcatalog; path = Assets.xcassets; sourceTree = "<group>"; };
		DEC03BB2221F242100C00B00 /* Base */ = {isa = PBXFileReference; lastKnownFileType = file.storyboard; name = Base; path = Base.lproj/Main.storyboard; sourceTree = "<group>"; };
		DEC03BB4221F242100C00B00 /* Info.plist */ = {isa = PBXFileReference; lastKnownFileType = text.plist.xml; path = Info.plist; sourceTree = "<group>"; };
		DEC03BB5221F242100C00B00 /* Svg_to_Png.entitlements */ = {isa = PBXFileReference; lastKnownFileType = text.plist.entitlements; path = Svg_to_Png.entitlements; sourceTree = "<group>"; };
		DEC03BBB221F25CF00C00B00 /* Project.swift */ = {isa = PBXFileReference; fileEncoding = 4; lastKnownFileType = sourcecode.swift; path = Project.swift; sourceTree = "<group>"; };
		DEC03BBC221F25CF00C00B00 /* Resolutions.swift */ = {isa = PBXFileReference; fileEncoding = 4; lastKnownFileType = sourcecode.swift; path = Resolutions.swift; sourceTree = "<group>"; };
		DEC7512E22522CF30003F116 /* CommandController.swift */ = {isa = PBXFileReference; lastKnownFileType = sourcecode.swift; path = CommandController.swift; sourceTree = "<group>"; };
		DEC7512F22522CF30003F116 /* CommandController.xib */ = {isa = PBXFileReference; lastKnownFileType = file.xib; path = CommandController.xib; sourceTree = "<group>"; };
		DEC8C6A422539948003C3DCC /* ExportCommandMacro.swift */ = {isa = PBXFileReference; lastKnownFileType = sourcecode.swift; path = ExportCommandMacro.swift; sourceTree = "<group>"; };
		DECCCC83226A178800B1393D /* DoubleToken.swift */ = {isa = PBXFileReference; lastKnownFileType = sourcecode.swift; path = DoubleToken.swift; sourceTree = "<group>"; };
		DECE6BE32236A089009590EF /* URL.swift */ = {isa = PBXFileReference; lastKnownFileType = sourcecode.swift; path = URL.swift; sourceTree = "<group>"; };
		DECE6BE82236D3D7009590EF /* Svg to Png-Bridging-Header.h */ = {isa = PBXFileReference; lastKnownFileType = sourcecode.c.h; path = "Svg to Png-Bridging-Header.h"; sourceTree = "<group>"; };
		DECE6BE92236D44E009590EF /* SwiftTryCatch.h */ = {isa = PBXFileReference; fileEncoding = 4; lastKnownFileType = sourcecode.c.h; path = SwiftTryCatch.h; sourceTree = "<group>"; };
		DECE6BEA2236D44E009590EF /* SwiftTryCatch.m */ = {isa = PBXFileReference; fileEncoding = 4; lastKnownFileType = sourcecode.c.objc; path = SwiftTryCatch.m; sourceTree = "<group>"; };
		DEECEFEA2220171100A9026F /* NSAlert.swift */ = {isa = PBXFileReference; fileEncoding = 4; lastKnownFileType = sourcecode.swift; path = NSAlert.swift; sourceTree = "<group>"; };
		DEF6739922295E8A002C47AA /* WindowController.swift */ = {isa = PBXFileReference; lastKnownFileType = sourcecode.swift; path = WindowController.swift; sourceTree = "<group>"; };
/* End PBXFileReference section */

/* Begin PBXFrameworksBuildPhase section */
		DEA457CF226D12FD00937067 /* Frameworks */ = {
			isa = PBXFrameworksBuildPhase;
			buildActionMask = 2147483647;
			files = (
			);
			runOnlyForDeploymentPostprocessing = 0;
		};
		DEC03BA3221F242000C00B00 /* Frameworks */ = {
			isa = PBXFrameworksBuildPhase;
			buildActionMask = 2147483647;
			files = (
			);
			runOnlyForDeploymentPostprocessing = 0;
		};
/* End PBXFrameworksBuildPhase section */

/* Begin PBXGroup section */
		DE207F93223406F40065E7D9 /* Library */ = {
			isa = PBXGroup;
			children = (
				DECE6BE92236D44E009590EF /* SwiftTryCatch.h */,
				DECE6BEA2236D44E009590EF /* SwiftTryCatch.m */,
				DEB44DF3222AF2F600C3BD38 /* Bash.swift */,
				DE735BFC224514A2008B4059 /* DebugLog.swift */,
				DE207F912233FCA30065E7D9 /* JSONRepresentable.swift */,
			);
			path = Library;
			sourceTree = "<group>";
		};
		DE40B4F022327D2B000BB942 /* View */ = {
			isa = PBXGroup;
			children = (
				DEC03BA9221F242000C00B00 /* AppDelegate.swift */,
				DEC7512E22522CF30003F116 /* CommandController.swift */,
				DE9B31112231EEE900CEECBB /* PathControl.swift */,
				DE5B648D223FDEE0003AFF06 /* PreferencesController.swift */,
				DEC03BAD221F242000C00B00 /* SvgProject.swift */,
				DEC03BAB221F242000C00B00 /* ViewController.swift */,
				DEF6739922295E8A002C47AA /* WindowController.swift */,
				DEC7512F22522CF30003F116 /* CommandController.xib */,
				DE5B648E223FDEE0003AFF06 /* PreferencesController.xib */,
				DEC03BB1221F242100C00B00 /* Main.storyboard */,
			);
			path = View;
			sourceTree = "<group>";
		};
		DE5090AB222B318000577122 /* Model */ = {
			isa = PBXGroup;
			children = (
				DE4DE13A226F589E00949E44 /* AppSuite.swift */,
				DE735C1122452135008B4059 /* AtlasArray.swift */,
				DEC03BBB221F25CF00C00B00 /* Project.swift */,
				DEC03BBC221F25CF00C00B00 /* Resolutions.swift */,
				DE7293262240259D006E1A4C /* SuppressionKey.swift */,
				DECCCC81226A164900B1393D /* Export */,
				DE207F93223406F40065E7D9 /* Library */,
				DECCCC82226A16F700B1393D /* SvgParse */,
			);
			path = Model;
			sourceTree = "<group>";
		};
		DE5090AC222B31BF00577122 /* Extensions */ = {
			isa = PBXGroup;
			children = (
				DEECEFEA2220171100A9026F /* NSAlert.swift */,
				DE7DE98F222BE2AB009A2345 /* NSOutlineView.swift */,
				DE7DE991222BE3B8009A2345 /* NSTextView.swift */,
				DE0284862233109900C163F6 /* Set.swift */,
				DE7398522235C4FF00D87AC3 /* String.swift */,
				DECE6BE32236A089009590EF /* URL.swift */,
			);
			path = Extensions;
			sourceTree = "<group>";
		};
		DEA457D3226D12FE00937067 /* svgtopng */ = {
			isa = PBXGroup;
			children = (
				DEA457D4226D12FE00937067 /* main.swift */,
				DEA457D9226D13C200937067 /* Console.swift */,
				DE052614226E06BC004DC8B4 /* CLI.swift */,
				DE903FD62270730100343112 /* OptionType.swift */,
			);
			path = svgtopng;
			sourceTree = "<group>";
		};
		DEC03B9D221F242000C00B00 = {
			isa = PBXGroup;
			children = (
				DE0D9599223D0FFC0089C72B /* .gitignore */,
				DE0D959A223D0FFC0089C72B /* LICENSE */,
				DE0D959B223D0FFC0089C72B /* README.md */,
				DEC03BA8221F242000C00B00 /* Svg to Png */,
				DEA457D3226D12FE00937067 /* svgtopng */,
				DEC03BA7221F242000C00B00 /* Products */,
			);
			sourceTree = "<group>";
		};
		DEC03BA7221F242000C00B00 /* Products */ = {
			isa = PBXGroup;
			children = (
				DEC03BA6221F242000C00B00 /* Svg to Png.app */,
				DEA457D2226D12FD00937067 /* svgtopng */,
			);
			name = Products;
			sourceTree = "<group>";
		};
		DEC03BA8221F242000C00B00 /* Svg to Png */ = {
			isa = PBXGroup;
			children = (
				DEC03BB5221F242100C00B00 /* Svg_to_Png.entitlements */,
				DECE6BE82236D3D7009590EF /* Svg to Png-Bridging-Header.h */,
				DEC03BB4221F242100C00B00 /* Info.plist */,
				DEC03BAF221F242100C00B00 /* Assets.xcassets */,
				DE5090AC222B31BF00577122 /* Extensions */,
				DE5090AB222B318000577122 /* Model */,
				DE40B4F022327D2B000BB942 /* View */,
			);
			path = "Svg to Png";
			sourceTree = "<group>";
		};
		DECCCC81226A164900B1393D /* Export */ = {
			isa = PBXGroup;
			children = (
				DEC8C6A422539948003C3DCC /* ExportCommandMacro.swift */,
				DE70144822577D0900C727A5 /* ExportCommandManager.swift */,
				DE3CB5712254077C006AFB4A /* ExportCommands.swift */,
				DE02848822331F4C00C163F6 /* ExportFile.swift */,
				DE993441222C5F0E006A9A0A /* ExportManager.swift */,
				DE3CB5742254E459006AFB4A /* ProcessCommand.swift */,
			);
			path = Export;
			sourceTree = "<group>";
		};
		DECCCC82226A16F700B1393D /* SvgParse */ = {
			isa = PBXGroup;
			children = (
				DE4A78672268938F00FB876C /* SvgParser.swift */,
				DECCCC83226A178800B1393D /* DoubleToken.swift */,
			);
			path = SvgParse;
			sourceTree = "<group>";
		};
/* End PBXGroup section */

/* Begin PBXNativeTarget section */
		DEA457D1226D12FD00937067 /* svgtopng */ = {
			isa = PBXNativeTarget;
			buildConfigurationList = DEA457D8226D12FE00937067 /* Build configuration list for PBXNativeTarget "svgtopng" */;
			buildPhases = (
				DEA457CE226D12FD00937067 /* Sources */,
				DEA457CF226D12FD00937067 /* Frameworks */,
				DEA457D0226D12FD00937067 /* CopyFiles */,
			);
			buildRules = (
			);
			dependencies = (
			);
			name = svgtopng;
			productName = svgtopng;
			productReference = DEA457D2226D12FD00937067 /* svgtopng */;
			productType = "com.apple.product-type.tool";
		};
		DEC03BA5221F242000C00B00 /* Svg to Png */ = {
			isa = PBXNativeTarget;
			buildConfigurationList = DEC03BB8221F242100C00B00 /* Build configuration list for PBXNativeTarget "Svg to Png" */;
			buildPhases = (
				DEC03BA2221F242000C00B00 /* Sources */,
				DEC03BA3221F242000C00B00 /* Frameworks */,
				DEC03BA4221F242000C00B00 /* Resources */,
			);
			buildRules = (
			);
			dependencies = (
			);
			name = "Svg to Png";
			productName = "Svg to Png";
			productReference = DEC03BA6221F242000C00B00 /* Svg to Png.app */;
			productType = "com.apple.product-type.application";
		};
/* End PBXNativeTarget section */

/* Begin PBXProject section */
		DEC03B9E221F242000C00B00 /* Project object */ = {
			isa = PBXProject;
			attributes = {
				LastSwiftUpdateCheck = 1020;
				LastUpgradeCheck = 1010;
				ORGANIZATIONNAME = Todd;
				TargetAttributes = {
					DEA457D1226D12FD00937067 = {
						CreatedOnToolsVersion = 10.2.1;
					};
					DEC03BA5221F242000C00B00 = {
						CreatedOnToolsVersion = 10.1;
						LastSwiftMigration = 1020;
					};
				};
			};
			buildConfigurationList = DEC03BA1221F242000C00B00 /* Build configuration list for PBXProject "Svg to Png" */;
			compatibilityVersion = "Xcode 9.3";
			developmentRegion = en;
			hasScannedForEncodings = 0;
			knownRegions = (
				en,
				Base,
			);
			mainGroup = DEC03B9D221F242000C00B00;
			productRefGroup = DEC03BA7221F242000C00B00 /* Products */;
			projectDirPath = "";
			projectRoot = "";
			targets = (
				DEC03BA5221F242000C00B00 /* Svg to Png */,
				DEA457D1226D12FD00937067 /* svgtopng */,
			);
		};
/* End PBXProject section */

/* Begin PBXResourcesBuildPhase section */
		DEC03BA4221F242000C00B00 /* Resources */ = {
			isa = PBXResourcesBuildPhase;
			buildActionMask = 2147483647;
			files = (
				DE5B6490223FDEE0003AFF06 /* PreferencesController.xib in Resources */,
				DEC03BB0221F242100C00B00 /* Assets.xcassets in Resources */,
				DE0D959C223D0FFD0089C72B /* .gitignore in Resources */,
				DE0D959E223D0FFD0089C72B /* README.md in Resources */,
				DE0D959D223D0FFD0089C72B /* LICENSE in Resources */,
				DEC7513122522CF30003F116 /* CommandController.xib in Resources */,
				DEC03BB3221F242100C00B00 /* Main.storyboard in Resources */,
			);
			runOnlyForDeploymentPostprocessing = 0;
		};
/* End PBXResourcesBuildPhase section */

/* Begin PBXSourcesBuildPhase section */
		DEA457CE226D12FD00937067 /* Sources */ = {
			isa = PBXSourcesBuildPhase;
			buildActionMask = 2147483647;
			files = (
				DE903FD72270730100343112 /* OptionType.swift in Sources */,
				DEA457D5226D12FE00937067 /* main.swift in Sources */,
				DEA457E1226D16AD00937067 /* ExportCommandManager.swift in Sources */,
				DEA457E8226D16B500937067 /* DebugLog.swift in Sources */,
				DEA457E3226D16AD00937067 /* ExportFile.swift in Sources */,
				DEA457DA226D13C200937067 /* Console.swift in Sources */,
				DEA457DD226D16A500937067 /* Resolutions.swift in Sources */,
				DEA457F0226D16E600937067 /* String.swift in Sources */,
				DEA457E9226D16B500937067 /* JSONRepresentable.swift in Sources */,
				DEA457E6226D16B500937067 /* SwiftTryCatch.m in Sources */,
				DEA457E5226D16AD00937067 /* ProcessCommand.swift in Sources */,
				DEA457DB226D16A500937067 /* AtlasArray.swift in Sources */,
				DEA457EB226D16C000937067 /* DoubleToken.swift in Sources */,
				DEA457DC226D16A500937067 /* Project.swift in Sources */,
				DEA457EC226D16E600937067 /* NSAlert.swift in Sources */,
				DE052615226E06BC004DC8B4 /* CLI.swift in Sources */,
				DEA457F1226D16E600937067 /* URL.swift in Sources */,
				DEA457ED226D16E600937067 /* NSOutlineView.swift in Sources */,
				DEA457E2226D16AD00937067 /* ExportCommands.swift in Sources */,
				DE4DE13C226F5C6000949E44 /* AppSuite.swift in Sources */,
				DEA457E0226D16AD00937067 /* ExportCommandMacro.swift in Sources */,
				DEA457E7226D16B500937067 /* Bash.swift in Sources */,
				DEA457DE226D16A500937067 /* SuppressionKey.swift in Sources */,
				DEA457E4226D16AD00937067 /* ExportManager.swift in Sources */,
				DEA457EE226D16E600937067 /* NSTextView.swift in Sources */,
				DEA457EA226D16C000937067 /* SvgParser.swift in Sources */,
				DEA457EF226D16E600937067 /* Set.swift in Sources */,
			);
			runOnlyForDeploymentPostprocessing = 0;
		};
		DEC03BA2221F242000C00B00 /* Sources */ = {
			isa = PBXSourcesBuildPhase;
			buildActionMask = 2147483647;
			files = (
				DEC03BAC221F242000C00B00 /* ViewController.swift in Sources */,
				DEECEFEB2220171100A9026F /* NSAlert.swift in Sources */,
				DE735C1222452135008B4059 /* AtlasArray.swift in Sources */,
				DE0284872233109900C163F6 /* Set.swift in Sources */,
				DEC03BAA221F242000C00B00 /* AppDelegate.swift in Sources */,
				DE4DE13B226F589E00949E44 /* AppSuite.swift in Sources */,
				DEF6739A22295E8A002C47AA /* WindowController.swift in Sources */,
				DEC03BBE221F25CF00C00B00 /* Resolutions.swift in Sources */,
				DEC03BAE221F242000C00B00 /* SvgProject.swift in Sources */,
				DECCCC84226A178800B1393D /* DoubleToken.swift in Sources */,
				DEC7513022522CF30003F116 /* CommandController.swift in Sources */,
				DECE6BEB2236D44E009590EF /* SwiftTryCatch.m in Sources */,
				DE9B31122231EEE900CEECBB /* PathControl.swift in Sources */,
				DE7DE992222BE3B8009A2345 /* NSTextView.swift in Sources */,
				DE5B648F223FDEE0003AFF06 /* PreferencesController.swift in Sources */,
				DE993442222C5F0E006A9A0A /* ExportManager.swift in Sources */,
				DECE6BE42236A089009590EF /* URL.swift in Sources */,
				DE207F922233FCA30065E7D9 /* JSONRepresentable.swift in Sources */,
				DEB44DF4222AF2F600C3BD38 /* Bash.swift in Sources */,
				DEC8C6A522539948003C3DCC /* ExportCommandMacro.swift in Sources */,
				DE7293272240259D006E1A4C /* SuppressionKey.swift in Sources */,
				DE70144922577D0900C727A5 /* ExportCommandManager.swift in Sources */,
				DE3CB5752254E459006AFB4A /* ProcessCommand.swift in Sources */,
				DE3CB5722254077C006AFB4A /* ExportCommands.swift in Sources */,
				DEC03BBD221F25CF00C00B00 /* Project.swift in Sources */,
				DE4A78682268938F00FB876C /* SvgParser.swift in Sources */,
				DE7398532235C4FF00D87AC3 /* String.swift in Sources */,
				DE735BFD224514A2008B4059 /* DebugLog.swift in Sources */,
				DE7DE990222BE2AB009A2345 /* NSOutlineView.swift in Sources */,
				DE02848922331F4C00C163F6 /* ExportFile.swift in Sources */,
			);
			runOnlyForDeploymentPostprocessing = 0;
		};
/* End PBXSourcesBuildPhase section */

/* Begin PBXVariantGroup section */
		DEC03BB1221F242100C00B00 /* Main.storyboard */ = {
			isa = PBXVariantGroup;
			children = (
				DEC03BB2221F242100C00B00 /* Base */,
			);
			name = Main.storyboard;
			sourceTree = "<group>";
		};
/* End PBXVariantGroup section */

/* Begin XCBuildConfiguration section */
		DEA457D6226D12FE00937067 /* Debug */ = {
			isa = XCBuildConfiguration;
			buildSettings = {
				CODE_SIGN_STYLE = Automatic;
				DEVELOPMENT_TEAM = S229Q43BWG;
				INFOPLIST_FILE = "$(SRCROOT)/Svg to Png/Info.plist";
				MACOSX_DEPLOYMENT_TARGET = 10.11;
				PRODUCT_BUNDLE_IDENTIFIER = Denlinger.svgtopng;
				PRODUCT_NAME = "$(TARGET_NAME)";
				SWIFT_VERSION = 5.0;
			};
			name = Debug;
		};
		DEA457D7226D12FE00937067 /* Release */ = {
			isa = XCBuildConfiguration;
			buildSettings = {
				CODE_SIGN_STYLE = Automatic;
				DEVELOPMENT_TEAM = S229Q43BWG;
				INFOPLIST_FILE = "$(SRCROOT)/Svg to Png/Info.plist";
				MACOSX_DEPLOYMENT_TARGET = 10.11;
				PRODUCT_BUNDLE_IDENTIFIER = Denlinger.svgtopng;
				PRODUCT_NAME = "$(TARGET_NAME)";
				SWIFT_VERSION = 5.0;
			};
			name = Release;
		};
		DEC03BB6221F242100C00B00 /* Debug */ = {
			isa = XCBuildConfiguration;
			buildSettings = {
				ALWAYS_SEARCH_USER_PATHS = NO;
				CLANG_ANALYZER_NONNULL = YES;
				CLANG_ANALYZER_NUMBER_OBJECT_CONVERSION = YES_AGGRESSIVE;
				CLANG_CXX_LANGUAGE_STANDARD = "gnu++14";
				CLANG_CXX_LIBRARY = "libc++";
				CLANG_ENABLE_MODULES = YES;
				CLANG_ENABLE_OBJC_ARC = YES;
				CLANG_ENABLE_OBJC_WEAK = YES;
				CLANG_WARN_BLOCK_CAPTURE_AUTORELEASING = YES;
				CLANG_WARN_BOOL_CONVERSION = YES;
				CLANG_WARN_COMMA = YES;
				CLANG_WARN_CONSTANT_CONVERSION = YES;
				CLANG_WARN_DEPRECATED_OBJC_IMPLEMENTATIONS = YES;
				CLANG_WARN_DIRECT_OBJC_ISA_USAGE = YES_ERROR;
				CLANG_WARN_DOCUMENTATION_COMMENTS = YES;
				CLANG_WARN_EMPTY_BODY = YES;
				CLANG_WARN_ENUM_CONVERSION = YES;
				CLANG_WARN_INFINITE_RECURSION = YES;
				CLANG_WARN_INT_CONVERSION = YES;
				CLANG_WARN_NON_LITERAL_NULL_CONVERSION = YES;
				CLANG_WARN_OBJC_IMPLICIT_RETAIN_SELF = YES;
				CLANG_WARN_OBJC_LITERAL_CONVERSION = YES;
				CLANG_WARN_OBJC_ROOT_CLASS = YES_ERROR;
				CLANG_WARN_RANGE_LOOP_ANALYSIS = YES;
				CLANG_WARN_STRICT_PROTOTYPES = YES;
				CLANG_WARN_SUSPICIOUS_MOVE = YES;
				CLANG_WARN_UNGUARDED_AVAILABILITY = YES_AGGRESSIVE;
				CLANG_WARN_UNREACHABLE_CODE = YES;
				CLANG_WARN__DUPLICATE_METHOD_MATCH = YES;
				CODE_SIGN_IDENTITY = "Mac Developer";
				COPY_PHASE_STRIP = NO;
				DEBUG_INFORMATION_FORMAT = dwarf;
				ENABLE_STRICT_OBJC_MSGSEND = YES;
				ENABLE_TESTABILITY = YES;
				GCC_C_LANGUAGE_STANDARD = gnu11;
				GCC_DYNAMIC_NO_PIC = NO;
				GCC_NO_COMMON_BLOCKS = YES;
				GCC_OPTIMIZATION_LEVEL = 0;
				GCC_PREPROCESSOR_DEFINITIONS = (
					"DEBUG=1",
					"$(inherited)",
				);
				GCC_WARN_64_TO_32_BIT_CONVERSION = YES;
				GCC_WARN_ABOUT_RETURN_TYPE = YES_ERROR;
				GCC_WARN_UNDECLARED_SELECTOR = YES;
				GCC_WARN_UNINITIALIZED_AUTOS = YES_AGGRESSIVE;
				GCC_WARN_UNUSED_FUNCTION = YES;
				GCC_WARN_UNUSED_VARIABLE = YES;
				MACOSX_DEPLOYMENT_TARGET = 10.14;
				MTL_ENABLE_DEBUG_INFO = INCLUDE_SOURCE;
				MTL_FAST_MATH = YES;
				ONLY_ACTIVE_ARCH = YES;
				SDKROOT = macosx;
				SWIFT_ACTIVE_COMPILATION_CONDITIONS = DEBUG;
				"SWIFT_OBJC_BRIDGING_HEADER[arch=*]" = "$(PROJECT_DIR)/$(PROJECT_NAME)/$(PROJECT_NAME)-Bridging-Header.h";
				SWIFT_OPTIMIZATION_LEVEL = "-Onone";
			};
			name = Debug;
		};
		DEC03BB7221F242100C00B00 /* Release */ = {
			isa = XCBuildConfiguration;
			buildSettings = {
				ALWAYS_SEARCH_USER_PATHS = NO;
				CLANG_ANALYZER_NONNULL = YES;
				CLANG_ANALYZER_NUMBER_OBJECT_CONVERSION = YES_AGGRESSIVE;
				CLANG_CXX_LANGUAGE_STANDARD = "gnu++14";
				CLANG_CXX_LIBRARY = "libc++";
				CLANG_ENABLE_MODULES = YES;
				CLANG_ENABLE_OBJC_ARC = YES;
				CLANG_ENABLE_OBJC_WEAK = YES;
				CLANG_WARN_BLOCK_CAPTURE_AUTORELEASING = YES;
				CLANG_WARN_BOOL_CONVERSION = YES;
				CLANG_WARN_COMMA = YES;
				CLANG_WARN_CONSTANT_CONVERSION = YES;
				CLANG_WARN_DEPRECATED_OBJC_IMPLEMENTATIONS = YES;
				CLANG_WARN_DIRECT_OBJC_ISA_USAGE = YES_ERROR;
				CLANG_WARN_DOCUMENTATION_COMMENTS = YES;
				CLANG_WARN_EMPTY_BODY = YES;
				CLANG_WARN_ENUM_CONVERSION = YES;
				CLANG_WARN_INFINITE_RECURSION = YES;
				CLANG_WARN_INT_CONVERSION = YES;
				CLANG_WARN_NON_LITERAL_NULL_CONVERSION = YES;
				CLANG_WARN_OBJC_IMPLICIT_RETAIN_SELF = YES;
				CLANG_WARN_OBJC_LITERAL_CONVERSION = YES;
				CLANG_WARN_OBJC_ROOT_CLASS = YES_ERROR;
				CLANG_WARN_RANGE_LOOP_ANALYSIS = YES;
				CLANG_WARN_STRICT_PROTOTYPES = YES;
				CLANG_WARN_SUSPICIOUS_MOVE = YES;
				CLANG_WARN_UNGUARDED_AVAILABILITY = YES_AGGRESSIVE;
				CLANG_WARN_UNREACHABLE_CODE = YES;
				CLANG_WARN__DUPLICATE_METHOD_MATCH = YES;
				CODE_SIGN_IDENTITY = "Mac Developer";
				COPY_PHASE_STRIP = NO;
				DEBUG_INFORMATION_FORMAT = "dwarf-with-dsym";
				ENABLE_NS_ASSERTIONS = NO;
				ENABLE_STRICT_OBJC_MSGSEND = YES;
				GCC_C_LANGUAGE_STANDARD = gnu11;
				GCC_NO_COMMON_BLOCKS = YES;
				GCC_WARN_64_TO_32_BIT_CONVERSION = YES;
				GCC_WARN_ABOUT_RETURN_TYPE = YES_ERROR;
				GCC_WARN_UNDECLARED_SELECTOR = YES;
				GCC_WARN_UNINITIALIZED_AUTOS = YES_AGGRESSIVE;
				GCC_WARN_UNUSED_FUNCTION = YES;
				GCC_WARN_UNUSED_VARIABLE = YES;
				MACOSX_DEPLOYMENT_TARGET = 10.14;
				MTL_ENABLE_DEBUG_INFO = NO;
				MTL_FAST_MATH = YES;
				SDKROOT = macosx;
				SWIFT_COMPILATION_MODE = wholemodule;
				"SWIFT_OBJC_BRIDGING_HEADER[arch=*]" = "$(PROJECT_DIR)/$(PROJECT_NAME)/$(PROJECT_NAME)-Bridging-Header.h";
				SWIFT_OPTIMIZATION_LEVEL = "-O";
			};
			name = Release;
		};
		DEC03BB9221F242100C00B00 /* Debug */ = {
			isa = XCBuildConfiguration;
			buildSettings = {
				ASSETCATALOG_COMPILER_APPICON_NAME = AppIcon;
				CLANG_ENABLE_MODULES = YES;
				CODE_SIGN_STYLE = Automatic;
				COMBINE_HIDPI_IMAGES = YES;
				DEVELOPMENT_TEAM = S229Q43BWG;
				INFOPLIST_FILE = "Svg to Png/Info.plist";
				LD_RUNPATH_SEARCH_PATHS = (
					"$(inherited)",
					"@executable_path/../Frameworks",
				);
				MACOSX_DEPLOYMENT_TARGET = 10.11;
				PRODUCT_BUNDLE_IDENTIFIER = "Denlinger.Svg-to-Png";
				PRODUCT_NAME = "$(TARGET_NAME)";
				SWIFT_OPTIMIZATION_LEVEL = "-Onone";
				SWIFT_VERSION = 5.0;
			};
			name = Debug;
		};
		DEC03BBA221F242100C00B00 /* Release */ = {
			isa = XCBuildConfiguration;
			buildSettings = {
				ASSETCATALOG_COMPILER_APPICON_NAME = AppIcon;
				CLANG_ENABLE_MODULES = YES;
				CODE_SIGN_STYLE = Automatic;
				COMBINE_HIDPI_IMAGES = YES;
				DEVELOPMENT_TEAM = S229Q43BWG;
				INFOPLIST_FILE = "Svg to Png/Info.plist";
				LD_RUNPATH_SEARCH_PATHS = (
					"$(inherited)",
					"@executable_path/../Frameworks",
				);
				MACOSX_DEPLOYMENT_TARGET = 10.11;
				PRODUCT_BUNDLE_IDENTIFIER = "Denlinger.Svg-to-Png";
				PRODUCT_NAME = "$(TARGET_NAME)";
				SWIFT_VERSION = 5.0;
			};
			name = Release;
		};
/* End XCBuildConfiguration section */

/* Begin XCConfigurationList section */
		DEA457D8226D12FE00937067 /* Build configuration list for PBXNativeTarget "svgtopng" */ = {
			isa = XCConfigurationList;
			buildConfigurations = (
				DEA457D6226D12FE00937067 /* Debug */,
				DEA457D7226D12FE00937067 /* Release */,
			);
			defaultConfigurationIsVisible = 0;
			defaultConfigurationName = Release;
		};
		DEC03BA1221F242000C00B00 /* Build configuration list for PBXProject "Svg to Png" */ = {
			isa = XCConfigurationList;
			buildConfigurations = (
				DEC03BB6221F242100C00B00 /* Debug */,
				DEC03BB7221F242100C00B00 /* Release */,
			);
			defaultConfigurationIsVisible = 0;
			defaultConfigurationName = Release;
		};
		DEC03BB8221F242100C00B00 /* Build configuration list for PBXNativeTarget "Svg to Png" */ = {
			isa = XCConfigurationList;
			buildConfigurations = (
				DEC03BB9221F242100C00B00 /* Debug */,
				DEC03BBA221F242100C00B00 /* Release */,
			);
			defaultConfigurationIsVisible = 0;
			defaultConfigurationName = Release;
		};
/* End XCConfigurationList section */
	};
	rootObject = DEC03B9E221F242000C00B00 /* Project object */;
}
